
Microsoft Visual Studio Solution File, Format Version 12.00
# Visual Studio Version 16
VisualStudioVersion = 16.0.28803.202
MinimumVisualStudioVersion = 10.0.40219.1
Project("{9A19103F-16F7-4668-BE54-9A1E7A4F7556}") = "BridgeDesignPattern", "BridgeDesignPattern\BridgeDesignPattern.csproj", "{11628575-D234-4EDE-9723-FE0F1F5A667E}"
EndProject
Project("{FAE04EC0-301F-11D3-BF4B-00C04F79EFBC}") = "BridgeDesignPattern_DailyJournalSample", "BridgeDesignPattern_DailyJournalSample\BridgeDesignPattern_DailyJournalSample.csproj", "{3EC65FD9-58E4-4D38-B26C-1989184FD0A4}"
EndProject
Global
	GlobalSection(SolutionConfigurationPlatforms) = preSolution
		Debug|Any CPU = Debug|Any CPU
		Release|Any CPU = Release|Any CPU
	EndGlobalSection
	GlobalSection(ProjectConfigurationPlatforms) = postSolution
		{11628575-D234-4EDE-9723-FE0F1F5A667E}.Debug|Any CPU.ActiveCfg = Debug|Any CPU
		{11628575-D234-4EDE-9723-FE0F1F5A667E}.Debug|Any CPU.Build.0 = Debug|Any CPU
		{11628575-D234-4EDE-9723-FE0F1F5A667E}.Release|Any CPU.ActiveCfg = Release|Any CPU
		{11628575-D234-4EDE-9723-FE0F1F5A667E}.Release|Any CPU.Build.0 = Release|Any CPU
		{3EC65FD9-58E4-4D38-B26C-1989184FD0A4}.Debug|Any CPU.ActiveCfg = Debug|Any CPU
		{3EC65FD9-58E4-4D38-B26C-1989184FD0A4}.Debug|Any CPU.Build.0 = Debug|Any CPU
		{3EC65FD9-58E4-4D38-B26C-1989184FD0A4}.Release|Any CPU.ActiveCfg = Release|Any CPU
		{3EC65FD9-58E4-4D38-B26C-1989184FD0A4}.Release|Any CPU.Build.0 = Release|Any CPU
	EndGlobalSection
	GlobalSection(SolutionProperties) = preSolution
		HideSolutionNode = FALSE
	EndGlobalSection
	GlobalSection(ExtensibilityGlobals) = postSolution
		SolutionGuid = {A7EA7417-C6C4-4395-81E7-81B258B3C603}
	EndGlobalSection
EndGlobal
